<?xml version="1.0" encoding="UTF-8"?>
<!DOCTYPE plist PUBLIC "-//Apple//DTD PLIST 1.0//EN" "http://www.apple.com/DTDs/PropertyList-1.0.dtd">
<plist version="1.0">
<dict>
	<key>BuildNumber</key>
	<string>420000048</string>
	<key>BundleIdentifier</key>
	<string>com.barebones.bbedit</string>
	<key>HostIdentifier</key>
	<string>862CC867-EF10-538A-9F52-830C18E2A46C</string>
	<key>HostName</key>
	<string>paul-m1</string>
	<key>LockDate</key>
	<date>2024-08-28T04:44:11Z</date>
	<key>LockID</key>
	<string>D1FFEC50-E3E6-40F7-B333-1602892DDD0B</string>
	<key>MarketingVersion</key>
	<string>15.1.2</string>
	<key>NetworkVolume</key>
	<false/>
	<key>ProcessIdentifier</key>
	<integer>20055</integer>
	<key>UserName</key>
	<string>paul</string>
	<key>Version</key>
	<integer>3</integer>
	<key>VolumeIdentifier</key>
	<string>7908EA43-01BE-440A-AE98-9207BAC32BBC</string>
</dict>
</plist>
