<?xml version="1.0" encoding="UTF-8"?>
<!DOCTYPE plist PUBLIC "-//Apple//DTD PLIST 1.0//EN" "http://www.apple.com/DTDs/PropertyList-1.0.dtd">
<plist version="1.0">
<dict>
	<key>BuildNumber</key>
	<string>420000048</string>
	<key>BundleIdentifier</key>
	<string>com.barebones.bbedit</string>
	<key>HostIdentifier</key>
	<string>862CC867-EF10-538A-9F52-830C18E2A46C</string>
	<key>HostName</key>
	<string>paul-m1</string>
	<key>LockDate</key>
	<date>2024-09-25T05:59:22Z</date>
	<key>LockID</key>
	<string>BF83AF40-C625-4D1D-BAC9-60A98F762570</string>
	<key>MarketingVersion</key>
	<string>15.1.2</string>
	<key>NetworkVolume</key>
	<false/>
	<key>ProcessIdentifier</key>
	<integer>63898</integer>
	<key>UserName</key>
	<string>paul</string>
	<key>Version</key>
	<integer>3</integer>
	<key>VolumeIdentifier</key>
	<string>4CCC3ED2-3DCF-4F76-9CA3-2248BC5E4B5E</string>
</dict>
</plist>
